// !$*UTF8*$!
{
	archiveVersion = 1;
	classes = {
	};
	objectVersion = 50;
	objects = {

/* Begin PBXBuildFile section */
		DB026CD425BF606200000116 /* TripCollectionViewCell.swift in Sources */ = {isa = PBXBuildFile; fileRef = DB026CD325BF606200000116 /* TripCollectionViewCell.swift */; };
		DB026CD825BF650600000116 /* Trip.swift in Sources */ = {isa = PBXBuildFile; fileRef = DB026CD725BF650600000116 /* Trip.swift */; };
		DB98BA6B25D9B34900457239 /* Stickers.xcassets in Resources */ = {isa = PBXBuildFile; fileRef = DB98BA6A25D9B34900457239 /* Stickers.xcassets */; };
		DB98BA6F25D9B34900457239 /* TestStickerpack.appex in Embed App Extensions */ = {isa = PBXBuildFile; fileRef = DB98BA6825D9B34400457239 /* TestStickerpack.appex */; settings = {ATTRIBUTES = (RemoveHeadersOnCopy, ); }; };
		DBAD36D725BDE54A00F38185 /* AppDelegate.swift in Sources */ = {isa = PBXBuildFile; fileRef = DBAD36D625BDE54A00F38185 /* AppDelegate.swift */; };
		DBAD36D925BDE54A00F38185 /* SceneDelegate.swift in Sources */ = {isa = PBXBuildFile; fileRef = DBAD36D825BDE54A00F38185 /* SceneDelegate.swift */; };
		DBAD36DB25BDE54A00F38185 /* ViewController.swift in Sources */ = {isa = PBXBuildFile; fileRef = DBAD36DA25BDE54A00F38185 /* ViewController.swift */; };
		DBAD36DE25BDE54A00F38185 /* Main.storyboard in Resources */ = {isa = PBXBuildFile; fileRef = DBAD36DC25BDE54A00F38185 /* Main.storyboard */; };
		DBAD36E025BDE55300F38185 /* Assets.xcassets in Resources */ = {isa = PBXBuildFile; fileRef = DBAD36DF25BDE55300F38185 /* Assets.xcassets */; };
		DBAD36E325BDE55300F38185 /* LaunchScreen.storyboard in Resources */ = {isa = PBXBuildFile; fileRef = DBAD36E125BDE55300F38185 /* LaunchScreen.storyboard */; };
/* End PBXBuildFile section */

/* Begin PBXContainerItemProxy section */
		DB98BA6D25D9B34900457239 /* PBXContainerItemProxy */ = {
			isa = PBXContainerItemProxy;
			containerPortal = DBAD36CB25BDE54A00F38185 /* Project object */;
			proxyType = 1;
			remoteGlobalIDString = DB98BA6725D9B34400457239;
			remoteInfo = TestStickerpack;
		};
/* End PBXContainerItemProxy section */

/* Begin PBXCopyFilesBuildPhase section */
		DB98BA7025D9B34900457239 /* Embed App Extensions */ = {
			isa = PBXCopyFilesBuildPhase;
			buildActionMask = 2147483647;
			dstPath = "";
			dstSubfolderSpec = 13;
			files = (
				DB98BA6F25D9B34900457239 /* TestStickerpack.appex in Embed App Extensions */,
			);
			name = "Embed App Extensions";
			runOnlyForDeploymentPostprocessing = 0;
		};
/* End PBXCopyFilesBuildPhase section */

/* Begin PBXFileReference section */
		DB026CD325BF606200000116 /* TripCollectionViewCell.swift */ = {isa = PBXFileReference; lastKnownFileType = sourcecode.swift; path = TripCollectionViewCell.swift; sourceTree = "<group>"; };
		DB026CD725BF650600000116 /* Trip.swift */ = {isa = PBXFileReference; lastKnownFileType = sourcecode.swift; path = Trip.swift; sourceTree = "<group>"; };
		DB98BA6825D9B34400457239 /* TestStickerpack.appex */ = {isa = PBXFileReference; explicitFileType = "wrapper.app-extension"; includeInIndex = 0; path = TestStickerpack.appex; sourceTree = BUILT_PRODUCTS_DIR; };
		DB98BA6A25D9B34900457239 /* Stickers.xcassets */ = {isa = PBXFileReference; lastKnownFileType = folder.assetcatalog; path = Stickers.xcassets; sourceTree = "<group>"; };
		DB98BA6C25D9B34900457239 /* Info.plist */ = {isa = PBXFileReference; lastKnownFileType = text.plist.xml; path = Info.plist; sourceTree = "<group>"; };
		DBAD36D325BDE54A00F38185 /* TripCard.app */ = {isa = PBXFileReference; explicitFileType = wrapper.application; includeInIndex = 0; path = TripCard.app; sourceTree = BUILT_PRODUCTS_DIR; };
		DBAD36D625BDE54A00F38185 /* AppDelegate.swift */ = {isa = PBXFileReference; lastKnownFileType = sourcecode.swift; path = AppDelegate.swift; sourceTree = "<group>"; };
		DBAD36D825BDE54A00F38185 /* SceneDelegate.swift */ = {isa = PBXFileReference; lastKnownFileType = sourcecode.swift; path = SceneDelegate.swift; sourceTree = "<group>"; };
		DBAD36DA25BDE54A00F38185 /* ViewController.swift */ = {isa = PBXFileReference; lastKnownFileType = sourcecode.swift; path = ViewController.swift; sourceTree = "<group>"; };
		DBAD36DD25BDE54A00F38185 /* Base */ = {isa = PBXFileReference; lastKnownFileType = file.storyboard; name = Base; path = Base.lproj/Main.storyboard; sourceTree = "<group>"; };
		DBAD36DF25BDE55300F38185 /* Assets.xcassets */ = {isa = PBXFileReference; lastKnownFileType = folder.assetcatalog; path = Assets.xcassets; sourceTree = "<group>"; };
		DBAD36E225BDE55300F38185 /* Base */ = {isa = PBXFileReference; lastKnownFileType = file.storyboard; name = Base; path = Base.lproj/LaunchScreen.storyboard; sourceTree = "<group>"; };
		DBAD36E425BDE55300F38185 /* Info.plist */ = {isa = PBXFileReference; lastKnownFileType = text.plist.xml; path = Info.plist; sourceTree = "<group>"; };
/* End PBXFileReference section */

/* Begin PBXFrameworksBuildPhase section */
		DBAD36D025BDE54A00F38185 /* Frameworks */ = {
			isa = PBXFrameworksBuildPhase;
			buildActionMask = 2147483647;
			files = (
			);
			runOnlyForDeploymentPostprocessing = 0;
		};
/* End PBXFrameworksBuildPhase section */

/* Begin PBXGroup section */
		DB98BA6925D9B34400457239 /* TestStickerpack */ = {
			isa = PBXGroup;
			children = (
				DB98BA6A25D9B34900457239 /* Stickers.xcassets */,
				DB98BA6C25D9B34900457239 /* Info.plist */,
			);
			path = TestStickerpack;
			sourceTree = "<group>";
		};
		DBAD36CA25BDE54A00F38185 = {
			isa = PBXGroup;
			children = (
				DBAD36D525BDE54A00F38185 /* TripCard */,
				DB98BA6925D9B34400457239 /* TestStickerpack */,
				DBAD36D425BDE54A00F38185 /* Products */,
			);
			sourceTree = "<group>";
		};
		DBAD36D425BDE54A00F38185 /* Products */ = {
			isa = PBXGroup;
			children = (
				DBAD36D325BDE54A00F38185 /* TripCard.app */,
				DB98BA6825D9B34400457239 /* TestStickerpack.appex */,
			);
			name = Products;
			sourceTree = "<group>";
		};
		DBAD36D525BDE54A00F38185 /* TripCard */ = {
			isa = PBXGroup;
			children = (
				DBAD36D625BDE54A00F38185 /* AppDelegate.swift */,
				DBAD36D825BDE54A00F38185 /* SceneDelegate.swift */,
				DB026CD325BF606200000116 /* TripCollectionViewCell.swift */,
				DB026CD725BF650600000116 /* Trip.swift */,
				DBAD36DA25BDE54A00F38185 /* ViewController.swift */,
				DBAD36DC25BDE54A00F38185 /* Main.storyboard */,
				DBAD36DF25BDE55300F38185 /* Assets.xcassets */,
				DBAD36E125BDE55300F38185 /* LaunchScreen.storyboard */,
				DBAD36E425BDE55300F38185 /* Info.plist */,
			);
			path = TripCard;
			sourceTree = "<group>";
		};
/* End PBXGroup section */

/* Begin PBXNativeTarget section */
		DB98BA6725D9B34400457239 /* TestStickerpack */ = {
			isa = PBXNativeTarget;
			buildConfigurationList = DB98BA7325D9B34900457239 /* Build configuration list for PBXNativeTarget "TestStickerpack" */;
			buildPhases = (
				DB98BA6625D9B34400457239 /* Resources */,
			);
			buildRules = (
			);
			dependencies = (
			);
			name = TestStickerpack;
			productName = TestStickerpack;
			productReference = DB98BA6825D9B34400457239 /* TestStickerpack.appex */;
			productType = "com.apple.product-type.app-extension.messages-sticker-pack";
		};
		DBAD36D225BDE54A00F38185 /* TripCard */ = {
			isa = PBXNativeTarget;
			buildConfigurationList = DBAD36E725BDE55300F38185 /* Build configuration list for PBXNativeTarget "TripCard" */;
			buildPhases = (
				DBAD36CF25BDE54A00F38185 /* Sources */,
				DBAD36D025BDE54A00F38185 /* Frameworks */,
				DBAD36D125BDE54A00F38185 /* Resources */,
				DB98BA7025D9B34900457239 /* Embed App Extensions */,
			);
			buildRules = (
			);
			dependencies = (
				DB98BA6E25D9B34900457239 /* PBXTargetDependency */,
			);
			name = TripCard;
			productName = TripCard;
			productReference = DBAD36D325BDE54A00F38185 /* TripCard.app */;
			productType = "com.apple.product-type.application";
		};
/* End PBXNativeTarget section */

/* Begin PBXProject section */
		DBAD36CB25BDE54A00F38185 /* Project object */ = {
			isa = PBXProject;
			attributes = {
				LastSwiftUpdateCheck = 1230;
				LastUpgradeCheck = 1230;
				TargetAttributes = {
					DB98BA6725D9B34400457239 = {
						CreatedOnToolsVersion = 12.3;
					};
					DBAD36D225BDE54A00F38185 = {
						CreatedOnToolsVersion = 12.3;
					};
				};
			};
			buildConfigurationList = DBAD36CE25BDE54A00F38185 /* Build configuration list for PBXProject "TripCard" */;
			compatibilityVersion = "Xcode 9.3";
			developmentRegion = en;
			hasScannedForEncodings = 0;
			knownRegions = (
				en,
				Base,
			);
			mainGroup = DBAD36CA25BDE54A00F38185;
			productRefGroup = DBAD36D425BDE54A00F38185 /* Products */;
			projectDirPath = "";
			projectRoot = "";
			targets = (
				DBAD36D225BDE54A00F38185 /* TripCard */,
				DB98BA6725D9B34400457239 /* TestStickerpack */,
			);
		};
/* End PBXProject section */

/* Begin PBXResourcesBuildPhase section */
		DB98BA6625D9B34400457239 /* Resources */ = {
			isa = PBXResourcesBuildPhase;
			buildActionMask = 2147483647;
			files = (
				DB98BA6B25D9B34900457239 /* Stickers.xcassets in Resources */,
			);
			runOnlyForDeploymentPostprocessing = 0;
		};
		DBAD36D125BDE54A00F38185 /* Resources */ = {
			isa = PBXResourcesBuildPhase;
			buildActionMask = 2147483647;
			files = (
				DBAD36E325BDE55300F38185 /* LaunchScreen.storyboard in Resources */,
				DBAD36E025BDE55300F38185 /* Assets.xcassets in Resources */,
				DBAD36DE25BDE54A00F38185 /* Main.storyboard in Resources */,
			);
			runOnlyForDeploymentPostprocessing = 0;
		};
/* End PBXResourcesBuildPhase section */

/* Begin PBXSourcesBuildPhase section */
		DBAD36CF25BDE54A00F38185 /* Sources */ = {
			isa = PBXSourcesBuildPhase;
			buildActionMask = 2147483647;
			files = (
				DB026CD825BF650600000116 /* Trip.swift in Sources */,
				DBAD36DB25BDE54A00F38185 /* ViewController.swift in Sources */,
				DB026CD425BF606200000116 /* TripCollectionViewCell.swift in Sources */,
				DBAD36D725BDE54A00F38185 /* AppDelegate.swift in Sources */,
				DBAD36D925BDE54A00F38185 /* SceneDelegate.swift in Sources */,
			);
			runOnlyForDeploymentPostprocessing = 0;
		};
/* End PBXSourcesBuildPhase section */

/* Begin PBXTargetDependency section */
		DB98BA6E25D9B34900457239 /* PBXTargetDependency */ = {
			isa = PBXTargetDependency;
			target = DB98BA6725D9B34400457239 /* TestStickerpack */;
			targetProxy = DB98BA6D25D9B34900457239 /* PBXContainerItemProxy */;
		};
/* End PBXTargetDependency section */

/* Begin PBXVariantGroup section */
		DBAD36DC25BDE54A00F38185 /* Main.storyboard */ = {
			isa = PBXVariantGroup;
			children = (
				DBAD36DD25BDE54A00F38185 /* Base */,
			);
			name = Main.storyboard;
			sourceTree = "<group>";
		};
		DBAD36E125BDE55300F38185 /* LaunchScreen.storyboard */ = {
			isa = PBXVariantGroup;
			children = (
				DBAD36E225BDE55300F38185 /* Base */,
			);
			name = LaunchScreen.storyboard;
			sourceTree = "<group>";
		};
/* End PBXVariantGroup section */

/* Begin XCBuildConfiguration section */
		DB98BA7125D9B34900457239 /* Debug */ = {
			isa = XCBuildConfiguration;
			buildSettings = {
				ASSETCATALOG_COMPILER_APPICON_NAME = "iMessage App Icon";
				CODE_SIGN_STYLE = Automatic;
				DEVELOPMENT_TEAM = 57N35P6574;
				INFOPLIST_FILE = TestStickerpack/Info.plist;
				IPHONEOS_DEPLOYMENT_TARGET = 10.0;
				PRODUCT_BUNDLE_IDENTIFIER = ru.hse.cs.se.TripCard.TestStickerpack;
				PRODUCT_NAME = "$(TARGET_NAME)";
				SKIP_INSTALL = YES;
				TARGETED_DEVICE_FAMILY = "1,2";
			};
			name = Debug;
		};
		DB98BA7225D9B34900457239 /* Release */ = {
			isa = XCBuildConfiguration;
			buildSettings = {
				ASSETCATALOG_COMPILER_APPICON_NAME = "iMessage App Icon";
				CODE_SIGN_STYLE = Automatic;
				DEVELOPMENT_TEAM = 57N35P6574;
				INFOPLIST_FILE = TestStickerpack/Info.plist;
				IPHONEOS_DEPLOYMENT_TARGET = 10.0;
				PRODUCT_BUNDLE_IDENTIFIER = ru.hse.cs.se.TripCard.TestStickerpack;
				PRODUCT_NAME = "$(TARGET_NAME)";
				SKIP_INSTALL = YES;
				TARGETED_DEVICE_FAMILY = "1,2";
			};
			name = Release;
		};
		DBAD36E525BDE55300F38185 /* Debug */ = {
			isa = XCBuildConfiguration;
			buildSettings = {
				ALWAYS_SEARCH_USER_PATHS = NO;
				CLANG_ANALYZER_NONNULL = YES;
				CLANG_ANALYZER_NUMBER_OBJECT_CONVERSION = YES_AGGRESSIVE;
				CLANG_CXX_LANGUAGE_STANDARD = "gnu++14";
				CLANG_CXX_LIBRARY = "libc++";
				CLANG_ENABLE_MODULES = YES;
				CLANG_ENABLE_OBJC_ARC = YES;
				CLANG_ENABLE_OBJC_WEAK = YES;
				CLANG_WARN_BLOCK_CAPTURE_AUTORELEASING = YES;
				CLANG_WARN_BOOL_CONVERSION = YES;
				CLANG_WARN_COMMA = YES;
				CLANG_WARN_CONSTANT_CONVERSION = YES;
				CLANG_WARN_DEPRECATED_OBJC_IMPLEMENTATIONS = YES;
				CLANG_WARN_DIRECT_OBJC_ISA_USAGE = YES_ERROR;
				CLANG_WARN_DOCUMENTATION_COMMENTS = YES;
				CLANG_WARN_EMPTY_BODY = YES;
				CLANG_WARN_ENUM_CONVERSION = YES;
				CLANG_WARN_INFINITE_RECURSION = YES;
				CLANG_WARN_INT_CONVERSION = YES;
				CLANG_WARN_NON_LITERAL_NULL_CONVERSION = YES;
				CLANG_WARN_OBJC_IMPLICIT_RETAIN_SELF = YES;
				CLANG_WARN_OBJC_LITERAL_CONVERSION = YES;
				CLANG_WARN_OBJC_ROOT_CLASS = YES_ERROR;
				CLANG_WARN_QUOTED_INCLUDE_IN_FRAMEWORK_HEADER = YES;
				CLANG_WARN_RANGE_LOOP_ANALYSIS = YES;
				CLANG_WARN_STRICT_PROTOTYPES = YES;
				CLANG_WARN_SUSPICIOUS_MOVE = YES;
				CLANG_WARN_UNGUARDED_AVAILABILITY = YES_AGGRESSIVE;
				CLANG_WARN_UNREACHABLE_CODE = YES;
				CLANG_WARN__DUPLICATE_METHOD_MATCH = YES;
				COPY_PHASE_STRIP = NO;
				DEBUG_INFORMATION_FORMAT = dwarf;
				ENABLE_STRICT_OBJC_MSGSEND = YES;
				ENABLE_TESTABILITY = YES;
				GCC_C_LANGUAGE_STANDARD = gnu11;
				GCC_DYNAMIC_NO_PIC = NO;
				GCC_NO_COMMON_BLOCKS = YES;
				GCC_OPTIMIZATION_LEVEL = 0;
				GCC_PREPROCESSOR_DEFINITIONS = (
					"DEBUG=1",
					"$(inherited)",
				);
				GCC_WARN_64_TO_32_BIT_CONVERSION = YES;
				GCC_WARN_ABOUT_RETURN_TYPE = YES_ERROR;
				GCC_WARN_UNDECLARED_SELECTOR = YES;
				GCC_WARN_UNINITIALIZED_AUTOS = YES_AGGRESSIVE;
				GCC_WARN_UNUSED_FUNCTION = YES;
				GCC_WARN_UNUSED_VARIABLE = YES;
				IPHONEOS_DEPLOYMENT_TARGET = 14.3;
				MTL_ENABLE_DEBUG_INFO = INCLUDE_SOURCE;
				MTL_FAST_MATH = YES;
				ONLY_ACTIVE_ARCH = YES;
				SDKROOT = iphoneos;
				SWIFT_ACTIVE_COMPILATION_CONDITIONS = DEBUG;
				SWIFT_OPTIMIZATION_LEVEL = "-Onone";
			};
			name = Debug;
		};
		DBAD36E625BDE55300F38185 /* Release */ = {
			isa = XCBuildConfiguration;
			buildSettings = {
				ALWAYS_SEARCH_USER_PATHS = NO;
				CLANG_ANALYZER_NONNULL = YES;
				CLANG_ANALYZER_NUMBER_OBJECT_CONVERSION = YES_AGGRESSIVE;
				CLANG_CXX_LANGUAGE_STANDARD = "gnu++14";
				CLANG_CXX_LIBRARY = "libc++";
				CLANG_ENABLE_MODULES = YES;
				CLANG_ENABLE_OBJC_ARC = YES;
				CLANG_ENABLE_OBJC_WEAK = YES;
				CLANG_WARN_BLOCK_CAPTURE_AUTORELEASING = YES;
				CLANG_WARN_BOOL_CONVERSION = YES;
				CLANG_WARN_COMMA = YES;
				CLANG_WARN_CONSTANT_CONVERSION = YES;
				CLANG_WARN_DEPRECATED_OBJC_IMPLEMENTATIONS = YES;
				CLANG_WARN_DIRECT_OBJC_ISA_USAGE = YES_ERROR;
				CLANG_WARN_DOCUMENTATION_COMMENTS = YES;
				CLANG_WARN_EMPTY_BODY = YES;
				CLANG_WARN_ENUM_CONVERSION = YES;
				CLANG_WARN_INFINITE_RECURSION = YES;
				CLANG_WARN_INT_CONVERSION = YES;
				CLANG_WARN_NON_LITERAL_NULL_CONVERSION = YES;
				CLANG_WARN_OBJC_IMPLICIT_RETAIN_SELF = YES;
				CLANG_WARN_OBJC_LITERAL_CONVERSION = YES;
				CLANG_WARN_OBJC_ROOT_CLASS = YES_ERROR;
				CLANG_WARN_QUOTED_INCLUDE_IN_FRAMEWORK_HEADER = YES;
				CLANG_WARN_RANGE_LOOP_ANALYSIS = YES;
				CLANG_WARN_STRICT_PROTOTYPES = YES;
				CLANG_WARN_SUSPICIOUS_MOVE = YES;
				CLANG_WARN_UNGUARDED_AVAILABILITY = YES_AGGRESSIVE;
				CLANG_WARN_UNREACHABLE_CODE = YES;
				CLANG_WARN__DUPLICATE_METHOD_MATCH = YES;
				COPY_PHASE_STRIP = NO;
				DEBUG_INFORMATION_FORMAT = "dwarf-with-dsym";
				ENABLE_NS_ASSERTIONS = NO;
				ENABLE_STRICT_OBJC_MSGSEND = YES;
				GCC_C_LANGUAGE_STANDARD = gnu11;
				GCC_NO_COMMON_BLOCKS = YES;
				GCC_WARN_64_TO_32_BIT_CONVERSION = YES;
				GCC_WARN_ABOUT_RETURN_TYPE = YES_ERROR;
				GCC_WARN_UNDECLARED_SELECTOR = YES;
				GCC_WARN_UNINITIALIZED_AUTOS = YES_AGGRESSIVE;
				GCC_WARN_UNUSED_FUNCTION = YES;
				GCC_WARN_UNUSED_VARIABLE = YES;
				IPHONEOS_DEPLOYMENT_TARGET = 14.3;
				MTL_ENABLE_DEBUG_INFO = NO;
				MTL_FAST_MATH = YES;
				SDKROOT = iphoneos;
				SWIFT_COMPILATION_MODE = wholemodule;
				SWIFT_OPTIMIZATION_LEVEL = "-O";
				VALIDATE_PRODUCT = YES;
			};
			name = Release;
		};
		DBAD36E825BDE55300F38185 /* Debug */ = {
			isa = XCBuildConfiguration;
			buildSettings = {
				ASSETCATALOG_COMPILER_APPICON_NAME = AppIcon;
				ASSETCATALOG_COMPILER_GLOBAL_ACCENT_COLOR_NAME = AccentColor;
				CODE_SIGN_STYLE = Automatic;
				DEVELOPMENT_TEAM = 57N35P6574;
				INFOPLIST_FILE = TripCard/Info.plist;
				LD_RUNPATH_SEARCH_PATHS = (
					"$(inherited)",
					"@executable_path/Frameworks",
				);
				PRODUCT_BUNDLE_IDENTIFIER = ru.hse.cs.se.TripCard;
				PRODUCT_NAME = "$(TARGET_NAME)";
				SWIFT_VERSION = 5.0;
				TARGETED_DEVICE_FAMILY = "1,2";
			};
			name = Debug;
		};
		DBAD36E925BDE55300F38185 /* Release */ = {
			isa = XCBuildConfiguration;
			buildSettings = {
				ASSETCATALOG_COMPILER_APPICON_NAME = AppIcon;
				ASSETCATALOG_COMPILER_GLOBAL_ACCENT_COLOR_NAME = AccentColor;
				CODE_SIGN_STYLE = Automatic;
				DEVELOPMENT_TEAM = 57N35P6574;
				INFOPLIST_FILE = TripCard/Info.plist;
				LD_RUNPATH_SEARCH_PATHS = (
					"$(inherited)",
					"@executable_path/Frameworks",
				);
				PRODUCT_BUNDLE_IDENTIFIER = ru.hse.cs.se.TripCard;
				PRODUCT_NAME = "$(TARGET_NAME)";
				SWIFT_VERSION = 5.0;
				TARGETED_DEVICE_FAMILY = "1,2";
			};
			name = Release;
		};
/* End XCBuildConfiguration section */

/* Begin XCConfigurationList section */
		DB98BA7325D9B34900457239 /* Build configuration list for PBXNativeTarget "TestStickerpack" */ = {
			isa = XCConfigurationList;
			buildConfigurations = (
				DB98BA7125D9B34900457239 /* Debug */,
				DB98BA7225D9B34900457239 /* Release */,
			);
			defaultConfigurationIsVisible = 0;
			defaultConfigurationName = Release;
		};
		DBAD36CE25BDE54A00F38185 /* Build configuration list for PBXProject "TripCard" */ = {
			isa = XCConfigurationList;
			buildConfigurations = (
				DBAD36E525BDE55300F38185 /* Debug */,
				DBAD36E625BDE55300F38185 /* Release */,
			);
			defaultConfigurationIsVisible = 0;
			defaultConfigurationName = Release;
		};
		DBAD36E725BDE55300F38185 /* Build configuration list for PBXNativeTarget "TripCard" */ = {
			isa = XCConfigurationList;
			buildConfigurations = (
				DBAD36E825BDE55300F38185 /* Debug */,
				DBAD36E925BDE55300F38185 /* Release */,
			);
			defaultConfigurationIsVisible = 0;
			defaultConfigurationName = Release;
		};
/* End XCConfigurationList section */
	};
	rootObject = DBAD36CB25BDE54A00F38185 /* Project object */;
}
